
Microsoft Visual Studio Solution File, Format Version 12.00
# Visual Studio Version 16
VisualStudioVersion = 16.0.31729.503
MinimumVisualStudioVersion = 10.0.40219.1
Project("{FAE04EC0-301F-11D3-BF4B-00C04F79EFBC}") = "AHOYBackendAssessment", "AHOYBackendAssessment\AHOYBackendAssessment.csproj", "{5C75AE45-9943-4175-8058-3A4BE05F448E}"
EndProject
Global
	GlobalSection(SolutionConfigurationPlatforms) = preSolution
		Debug|Any CPU = Debug|Any CPU
		Release|Any CPU = Release|Any CPU
	EndGlobalSection
	GlobalSection(ProjectConfigurationPlatforms) = postSolution
		{5C75AE45-9943-4175-8058-3A4BE05F448E}.Debug|Any CPU.ActiveCfg = Debug|Any CPU
		{5C75AE45-9943-4175-8058-3A4BE05F448E}.Debug|Any CPU.Build.0 = Debug|Any CPU
		{5C75AE45-9943-4175-8058-3A4BE05F448E}.Release|Any CPU.ActiveCfg = Release|Any CPU
		{5C75AE45-9943-4175-8058-3A4BE05F448E}.Release|Any CPU.Build.0 = Release|Any CPU
	EndGlobalSection
	GlobalSection(SolutionProperties) = preSolution
		HideSolutionNode = FALSE
	EndGlobalSection
	GlobalSection(ExtensibilityGlobals) = postSolution
		SolutionGuid = {04DBB585-7E79-4957-93FE-7A54389EE7CE}
	EndGlobalSection
EndGlobal
